
Microsoft Visual Studio Solution File, Format Version 12.00
# Visual Studio Version 17
VisualStudioVersion = 17.10.35122.118
MinimumVisualStudioVersion = 10.0.40219.1
Project("{FAE04EC0-301F-11D3-BF4B-00C04F79EFBC}") = "Day2_Assign2_AreaOfCircle", "Day2_AreaOfCircle\Day2_Assign2_AreaOfCircle.csproj", "{551C60E5-7AFC-449B-8B7E-DD7CCD763332}"
EndProject
Global
	GlobalSection(SolutionConfigurationPlatforms) = preSolution
		Debug|Any CPU = Debug|Any CPU
		Release|Any CPU = Release|Any CPU
	EndGlobalSection
	GlobalSection(ProjectConfigurationPlatforms) = postSolution
		{551C60E5-7AFC-449B-8B7E-DD7CCD763332}.Debug|Any CPU.ActiveCfg = Debug|Any CPU
		{551C60E5-7AFC-449B-8B7E-DD7CCD763332}.Debug|Any CPU.Build.0 = Debug|Any CPU
		{551C60E5-7AFC-449B-8B7E-DD7CCD763332}.Release|Any CPU.ActiveCfg = Release|Any CPU
		{551C60E5-7AFC-449B-8B7E-DD7CCD763332}.Release|Any CPU.Build.0 = Release|Any CPU
	EndGlobalSection
	GlobalSection(SolutionProperties) = preSolution
		HideSolutionNode = FALSE
	EndGlobalSection
	GlobalSection(ExtensibilityGlobals) = postSolution
		SolutionGuid = {44DA8E63-8ED3-4E05-855C-6A27704E78C4}
	EndGlobalSection
EndGlobal
